// !$*UTF8*$!
{
	archiveVersion = 1;
	classes = {
	};
	objectVersion = 50;
	objects = {

/* Begin PBXBuildFile section */
		00011264211AD17B00CFD01F /* Assets.xcassets in Resources */ = {isa = PBXBuildFile; fileRef = 00011263211AD17B00CFD01F /* Assets.xcassets */; };
		00011267211AD17B00CFD01F /* LaunchScreen.storyboard in Resources */ = {isa = PBXBuildFile; fileRef = 00011265211AD17B00CFD01F /* LaunchScreen.storyboard */; };
		00011276211AD20700CFD01F /* Strings.swift in Sources */ = {isa = PBXBuildFile; fileRef = 0001126F211AD20700CFD01F /* Strings.swift */; };
		00011277211AD20700CFD01F /* AppDelegate.swift in Sources */ = {isa = PBXBuildFile; fileRef = 00011271211AD20700CFD01F /* AppDelegate.swift */; };
		00011278211AD20700CFD01F /* Urls.swift in Sources */ = {isa = PBXBuildFile; fileRef = 00011275211AD20700CFD01F /* Urls.swift */; };
		00011284211AD25F00CFD01F /* TSAKeyboard.appex in Embed App Extensions */ = {isa = PBXBuildFile; fileRef = 0001127D211AD25F00CFD01F /* TSAKeyboard.appex */; settings = {ATTRIBUTES = (RemoveHeadersOnCopy, ); }; };
		00011296211B09C400CFD01F /* KeyboardViewController.swift in Sources */ = {isa = PBXBuildFile; fileRef = 00011293211B09C400CFD01F /* KeyboardViewController.swift */; };
		0001129A211B439700CFD01F /* TokenListViewController.swift in Sources */ = {isa = PBXBuildFile; fileRef = 00011299211B439700CFD01F /* TokenListViewController.swift */; };
		0001129B211B439700CFD01F /* TokenListViewController.swift in Sources */ = {isa = PBXBuildFile; fileRef = 00011299211B439700CFD01F /* TokenListViewController.swift */; };
		0001129D211B439E00CFD01F /* TokenListRootNode.swift in Sources */ = {isa = PBXBuildFile; fileRef = 0001129C211B439E00CFD01F /* TokenListRootNode.swift */; };
		0001129E211B439E00CFD01F /* TokenListRootNode.swift in Sources */ = {isa = PBXBuildFile; fileRef = 0001129C211B439E00CFD01F /* TokenListRootNode.swift */; };
		0001129F211B460000CFD01F /* Assets.xcassets in Resources */ = {isa = PBXBuildFile; fileRef = 00011263211AD17B00CFD01F /* Assets.xcassets */; };
		000112A3211C21E200CFD01F /* KeyboardNodeViewController.swift in Sources */ = {isa = PBXBuildFile; fileRef = 000112A2211C21E200CFD01F /* KeyboardNodeViewController.swift */; };
		000112A5211C24D500CFD01F /* KeyboardKeyView.swift in Sources */ = {isa = PBXBuildFile; fileRef = 000112A4211C24D500CFD01F /* KeyboardKeyView.swift */; };
		000112A7211C252000CFD01F /* KeyboardNodeRowCell.swift in Sources */ = {isa = PBXBuildFile; fileRef = 000112A6211C252000CFD01F /* KeyboardNodeRowCell.swift */; };
		000112A9211C272A00CFD01F /* String+Formatting.swift in Sources */ = {isa = PBXBuildFile; fileRef = 000112A8211C272A00CFD01F /* String+Formatting.swift */; };
		000112AA211C272A00CFD01F /* String+Formatting.swift in Sources */ = {isa = PBXBuildFile; fileRef = 000112A8211C272A00CFD01F /* String+Formatting.swift */; };
		000112AC211C2DE900CFD01F /* Key.swift in Sources */ = {isa = PBXBuildFile; fileRef = 000112AB211C2DE900CFD01F /* Key.swift */; };
		000112AD211C2DE900CFD01F /* Key.swift in Sources */ = {isa = PBXBuildFile; fileRef = 000112AB211C2DE900CFD01F /* Key.swift */; };
		000112AF211CB81500CFD01F /* SpecialKey.swift in Sources */ = {isa = PBXBuildFile; fileRef = 000112AE211CB81500CFD01F /* SpecialKey.swift */; };
		000112B0211CB81500CFD01F /* SpecialKey.swift in Sources */ = {isa = PBXBuildFile; fileRef = 000112AE211CB81500CFD01F /* SpecialKey.swift */; };
		000112B8211D721400CFD01F /* Colours.swift in Sources */ = {isa = PBXBuildFile; fileRef = 000112B7211D721400CFD01F /* Colours.swift */; };
		000112B9211D721400CFD01F /* Colours.swift in Sources */ = {isa = PBXBuildFile; fileRef = 000112B7211D721400CFD01F /* Colours.swift */; };
		000112BA211D79EC00CFD01F /* Strings.swift in Sources */ = {isa = PBXBuildFile; fileRef = 0001126F211AD20700CFD01F /* Strings.swift */; };
		000112BC211D7A8900CFD01F /* Settings.swift in Sources */ = {isa = PBXBuildFile; fileRef = 000112BB211D7A8900CFD01F /* Settings.swift */; };
		000112C0211DBC2E00CFD01F /* HomeViewController.swift in Sources */ = {isa = PBXBuildFile; fileRef = 000112BF211DBC2E00CFD01F /* HomeViewController.swift */; };
		000112C2211DD01E00CFD01F /* TokensViewController.swift in Sources */ = {isa = PBXBuildFile; fileRef = 000112C1211DD01E00CFD01F /* TokensViewController.swift */; };
		000112C3211DD01E00CFD01F /* TokensViewController.swift in Sources */ = {isa = PBXBuildFile; fileRef = 000112C1211DD01E00CFD01F /* TokensViewController.swift */; };
		000112C5211DD0D100CFD01F /* TokensRootNode.swift in Sources */ = {isa = PBXBuildFile; fileRef = 000112C4211DD0D100CFD01F /* TokensRootNode.swift */; };
		000112C6211DD0D100CFD01F /* TokensRootNode.swift in Sources */ = {isa = PBXBuildFile; fileRef = 000112C4211DD0D100CFD01F /* TokensRootNode.swift */; };
		000112C8211DFFF700CFD01F /* AddTokenViewController.swift in Sources */ = {isa = PBXBuildFile; fileRef = 000112C7211DFFF700CFD01F /* AddTokenViewController.swift */; };
		000112C9211E017200CFD01F /* AddTokenViewController.swift in Sources */ = {isa = PBXBuildFile; fileRef = 000112C7211DFFF700CFD01F /* AddTokenViewController.swift */; };
		000112CB211E09BF00CFD01F /* TokenCellNode.swift in Sources */ = {isa = PBXBuildFile; fileRef = 000112CA211E09BF00CFD01F /* TokenCellNode.swift */; };
		000112CC211E09BF00CFD01F /* TokenCellNode.swift in Sources */ = {isa = PBXBuildFile; fileRef = 000112CA211E09BF00CFD01F /* TokenCellNode.swift */; };
		000112D5211EC14B00CFD01F /* Settings.swift in Sources */ = {isa = PBXBuildFile; fileRef = 000112BB211D7A8900CFD01F /* Settings.swift */; };
		000112D7211EC25200CFD01F /* TokenDetails.swift in Sources */ = {isa = PBXBuildFile; fileRef = 000112D6211EC25200CFD01F /* TokenDetails.swift */; };
		000112D8211EC25200CFD01F /* TokenDetails.swift in Sources */ = {isa = PBXBuildFile; fileRef = 000112D6211EC25200CFD01F /* TokenDetails.swift */; };
		000112DA211ECAD200CFD01F /* TokensCellNode.swift in Sources */ = {isa = PBXBuildFile; fileRef = 000112D9211ECAD200CFD01F /* TokensCellNode.swift */; };
		000112DB211ECAD200CFD01F /* TokensCellNode.swift in Sources */ = {isa = PBXBuildFile; fileRef = 000112D9211ECAD200CFD01F /* TokensCellNode.swift */; };
		000112DD2120200000CFD01F /* TokenStore.swift in Sources */ = {isa = PBXBuildFile; fileRef = 000112DC2120200000CFD01F /* TokenStore.swift */; };
		000112DE2120200000CFD01F /* TokenStore.swift in Sources */ = {isa = PBXBuildFile; fileRef = 000112DC2120200000CFD01F /* TokenStore.swift */; };
		00E26CE62121BBBE007A2519 /* Fonts.swift in Sources */ = {isa = PBXBuildFile; fileRef = 00E26CE52121BBBE007A2519 /* Fonts.swift */; };
		00E26CE72121BBBF007A2519 /* Fonts.swift in Sources */ = {isa = PBXBuildFile; fileRef = 00E26CE52121BBBE007A2519 /* Fonts.swift */; };
		00E26CE92121BE19007A2519 /* UIImage.swift in Sources */ = {isa = PBXBuildFile; fileRef = 00E26CE82121BE19007A2519 /* UIImage.swift */; };
		00E26CEA2121BE19007A2519 /* UIImage.swift in Sources */ = {isa = PBXBuildFile; fileRef = 00E26CE82121BE19007A2519 /* UIImage.swift */; };
		00E26CEB2121CF6A007A2519 /* KeyboardViewController.swift in Sources */ = {isa = PBXBuildFile; fileRef = 00011293211B09C400CFD01F /* KeyboardViewController.swift */; };
		00E26CEC2121D01E007A2519 /* KeyboardNodeViewController.swift in Sources */ = {isa = PBXBuildFile; fileRef = 000112A2211C21E200CFD01F /* KeyboardNodeViewController.swift */; };
		00E26CED2121D03A007A2519 /* KeyboardNodeRowCell.swift in Sources */ = {isa = PBXBuildFile; fileRef = 000112A6211C252000CFD01F /* KeyboardNodeRowCell.swift */; };
		00E26CEE2121D051007A2519 /* KeyboardKeyView.swift in Sources */ = {isa = PBXBuildFile; fileRef = 000112A4211C24D500CFD01F /* KeyboardKeyView.swift */; };
		00E26CF02121DE5A007A2519 /* ProgressRingView.swift in Sources */ = {isa = PBXBuildFile; fileRef = 00E26CEF2121DE59007A2519 /* ProgressRingView.swift */; };
		00E26CF12121DE5A007A2519 /* ProgressRingView.swift in Sources */ = {isa = PBXBuildFile; fileRef = 00E26CEF2121DE59007A2519 /* ProgressRingView.swift */; };
		00E26CF32121DEC9007A2519 /* ASProgressRingContainer.swift in Sources */ = {isa = PBXBuildFile; fileRef = 00E26CF22121DEC9007A2519 /* ASProgressRingContainer.swift */; };
		00E26CF42121DEC9007A2519 /* ASProgressRingContainer.swift in Sources */ = {isa = PBXBuildFile; fileRef = 00E26CF22121DEC9007A2519 /* ASProgressRingContainer.swift */; };
		00E26CF62121E4D7007A2519 /* DisplayTime.swift in Sources */ = {isa = PBXBuildFile; fileRef = 00E26CF52121E4D7007A2519 /* DisplayTime.swift */; };
		00E26CF72121E4D7007A2519 /* DisplayTime.swift in Sources */ = {isa = PBXBuildFile; fileRef = 00E26CF52121E4D7007A2519 /* DisplayTime.swift */; };
		3F6DF356A2AA1ADAD7E48905 /* Pods_Two_Step_Authenticator.framework in Frameworks */ = {isa = PBXBuildFile; fileRef = 0D5BAF25DEF3A2185EBFBD64 /* Pods_Two_Step_Authenticator.framework */; };
		4FB179709B4A02D310DFD13F /* Pods_TSAKeyboard.framework in Frameworks */ = {isa = PBXBuildFile; fileRef = EDECEF22C48CF9698292907E /* Pods_TSAKeyboard.framework */; };
/* End PBXBuildFile section */

/* Begin PBXContainerItemProxy section */
		00011282211AD25F00CFD01F /* PBXContainerItemProxy */ = {
			isa = PBXContainerItemProxy;
			containerPortal = 00011251211AD17900CFD01F /* Project object */;
			proxyType = 1;
			remoteGlobalIDString = 0001127C211AD25F00CFD01F;
			remoteInfo = TSAKeyboard;
		};
/* End PBXContainerItemProxy section */

/* Begin PBXCopyFilesBuildPhase section */
		00011288211AD25F00CFD01F /* Embed App Extensions */ = {
			isa = PBXCopyFilesBuildPhase;
			buildActionMask = 2147483647;
			dstPath = "";
			dstSubfolderSpec = 13;
			files = (
				00011284211AD25F00CFD01F /* TSAKeyboard.appex in Embed App Extensions */,
			);
			name = "Embed App Extensions";
			runOnlyForDeploymentPostprocessing = 0;
		};
/* End PBXCopyFilesBuildPhase section */

/* Begin PBXFileReference section */
		00011259211AD17900CFD01F /* Two Step Authenticator.app */ = {isa = PBXFileReference; explicitFileType = wrapper.application; includeInIndex = 0; path = "Two Step Authenticator.app"; sourceTree = BUILT_PRODUCTS_DIR; };
		00011263211AD17B00CFD01F /* Assets.xcassets */ = {isa = PBXFileReference; lastKnownFileType = folder.assetcatalog; path = Assets.xcassets; sourceTree = "<group>"; };
		00011266211AD17B00CFD01F /* Base */ = {isa = PBXFileReference; lastKnownFileType = file.storyboard; name = Base; path = Base.lproj/LaunchScreen.storyboard; sourceTree = "<group>"; };
		00011268211AD17B00CFD01F /* Info.plist */ = {isa = PBXFileReference; lastKnownFileType = text.plist.xml; path = Info.plist; sourceTree = "<group>"; };
		0001126F211AD20700CFD01F /* Strings.swift */ = {isa = PBXFileReference; fileEncoding = 4; lastKnownFileType = sourcecode.swift; path = Strings.swift; sourceTree = "<group>"; };
		00011271211AD20700CFD01F /* AppDelegate.swift */ = {isa = PBXFileReference; fileEncoding = 4; lastKnownFileType = sourcecode.swift; path = AppDelegate.swift; sourceTree = "<group>"; };
		00011275211AD20700CFD01F /* Urls.swift */ = {isa = PBXFileReference; fileEncoding = 4; lastKnownFileType = sourcecode.swift; path = Urls.swift; sourceTree = "<group>"; };
		0001127D211AD25F00CFD01F /* TSAKeyboard.appex */ = {isa = PBXFileReference; explicitFileType = "wrapper.app-extension"; includeInIndex = 0; path = TSAKeyboard.appex; sourceTree = BUILT_PRODUCTS_DIR; };
		00011281211AD25F00CFD01F /* Info.plist */ = {isa = PBXFileReference; lastKnownFileType = text.plist.xml; path = Info.plist; sourceTree = "<group>"; };
		00011293211B09C400CFD01F /* KeyboardViewController.swift */ = {isa = PBXFileReference; fileEncoding = 4; lastKnownFileType = sourcecode.swift; path = KeyboardViewController.swift; sourceTree = "<group>"; };
		00011299211B439700CFD01F /* TokenListViewController.swift */ = {isa = PBXFileReference; fileEncoding = 4; lastKnownFileType = sourcecode.swift; path = TokenListViewController.swift; sourceTree = "<group>"; };
		0001129C211B439E00CFD01F /* TokenListRootNode.swift */ = {isa = PBXFileReference; fileEncoding = 4; lastKnownFileType = sourcecode.swift; path = TokenListRootNode.swift; sourceTree = "<group>"; };
		000112A2211C21E200CFD01F /* KeyboardNodeViewController.swift */ = {isa = PBXFileReference; lastKnownFileType = sourcecode.swift; path = KeyboardNodeViewController.swift; sourceTree = "<group>"; };
		000112A4211C24D500CFD01F /* KeyboardKeyView.swift */ = {isa = PBXFileReference; lastKnownFileType = sourcecode.swift; path = KeyboardKeyView.swift; sourceTree = "<group>"; };
		000112A6211C252000CFD01F /* KeyboardNodeRowCell.swift */ = {isa = PBXFileReference; lastKnownFileType = sourcecode.swift; path = KeyboardNodeRowCell.swift; sourceTree = "<group>"; };
		000112A8211C272A00CFD01F /* String+Formatting.swift */ = {isa = PBXFileReference; lastKnownFileType = sourcecode.swift; path = "String+Formatting.swift"; sourceTree = "<group>"; };
		000112AB211C2DE900CFD01F /* Key.swift */ = {isa = PBXFileReference; lastKnownFileType = sourcecode.swift; path = Key.swift; sourceTree = "<group>"; };
		000112AE211CB81500CFD01F /* SpecialKey.swift */ = {isa = PBXFileReference; lastKnownFileType = sourcecode.swift; path = SpecialKey.swift; sourceTree = "<group>"; };
		000112B7211D721400CFD01F /* Colours.swift */ = {isa = PBXFileReference; lastKnownFileType = sourcecode.swift; path = Colours.swift; sourceTree = "<group>"; };
		000112BB211D7A8900CFD01F /* Settings.swift */ = {isa = PBXFileReference; lastKnownFileType = sourcecode.swift; path = Settings.swift; sourceTree = "<group>"; };
		000112BF211DBC2E00CFD01F /* HomeViewController.swift */ = {isa = PBXFileReference; lastKnownFileType = sourcecode.swift; path = HomeViewController.swift; sourceTree = "<group>"; };
		000112C1211DD01E00CFD01F /* TokensViewController.swift */ = {isa = PBXFileReference; lastKnownFileType = sourcecode.swift; path = TokensViewController.swift; sourceTree = "<group>"; };
		000112C4211DD0D100CFD01F /* TokensRootNode.swift */ = {isa = PBXFileReference; lastKnownFileType = sourcecode.swift; path = TokensRootNode.swift; sourceTree = "<group>"; };
		000112C7211DFFF700CFD01F /* AddTokenViewController.swift */ = {isa = PBXFileReference; lastKnownFileType = sourcecode.swift; path = AddTokenViewController.swift; sourceTree = "<group>"; };
		000112CA211E09BF00CFD01F /* TokenCellNode.swift */ = {isa = PBXFileReference; lastKnownFileType = sourcecode.swift; path = TokenCellNode.swift; sourceTree = "<group>"; };
		000112D6211EC25200CFD01F /* TokenDetails.swift */ = {isa = PBXFileReference; lastKnownFileType = sourcecode.swift; path = TokenDetails.swift; sourceTree = "<group>"; };
		000112D9211ECAD200CFD01F /* TokensCellNode.swift */ = {isa = PBXFileReference; lastKnownFileType = sourcecode.swift; path = TokensCellNode.swift; sourceTree = "<group>"; };
		000112DC2120200000CFD01F /* TokenStore.swift */ = {isa = PBXFileReference; lastKnownFileType = sourcecode.swift; path = TokenStore.swift; sourceTree = "<group>"; };
		000112DF2120273E00CFD01F /* Two Step Authenticator.entitlements */ = {isa = PBXFileReference; lastKnownFileType = text.plist.entitlements; path = "Two Step Authenticator.entitlements"; sourceTree = "<group>"; };
		000112E02120276600CFD01F /* TSAKeyboard.entitlements */ = {isa = PBXFileReference; lastKnownFileType = text.plist.entitlements; path = TSAKeyboard.entitlements; sourceTree = "<group>"; };
		00E26CE52121BBBE007A2519 /* Fonts.swift */ = {isa = PBXFileReference; lastKnownFileType = sourcecode.swift; path = Fonts.swift; sourceTree = "<group>"; };
		00E26CE82121BE19007A2519 /* UIImage.swift */ = {isa = PBXFileReference; lastKnownFileType = sourcecode.swift; path = UIImage.swift; sourceTree = "<group>"; };
		00E26CEF2121DE59007A2519 /* ProgressRingView.swift */ = {isa = PBXFileReference; fileEncoding = 4; lastKnownFileType = sourcecode.swift; path = ProgressRingView.swift; sourceTree = "<group>"; };
		00E26CF22121DEC9007A2519 /* ASProgressRingContainer.swift */ = {isa = PBXFileReference; lastKnownFileType = sourcecode.swift; path = ASProgressRingContainer.swift; sourceTree = "<group>"; };
		00E26CF52121E4D7007A2519 /* DisplayTime.swift */ = {isa = PBXFileReference; lastKnownFileType = sourcecode.swift; path = DisplayTime.swift; sourceTree = "<group>"; };
		0D5BAF25DEF3A2185EBFBD64 /* Pods_Two_Step_Authenticator.framework */ = {isa = PBXFileReference; explicitFileType = wrapper.framework; includeInIndex = 0; path = Pods_Two_Step_Authenticator.framework; sourceTree = BUILT_PRODUCTS_DIR; };
		1140E4D773B8C58B133678A4 /* Pods-TSAKeyboard.debug.xcconfig */ = {isa = PBXFileReference; includeInIndex = 1; lastKnownFileType = text.xcconfig; name = "Pods-TSAKeyboard.debug.xcconfig"; path = "Pods/Target Support Files/Pods-TSAKeyboard/Pods-TSAKeyboard.debug.xcconfig"; sourceTree = "<group>"; };
		3CF997A41D062E29D145778E /* Pods-Two Step Authenticator.debug.xcconfig */ = {isa = PBXFileReference; includeInIndex = 1; lastKnownFileType = text.xcconfig; name = "Pods-Two Step Authenticator.debug.xcconfig"; path = "Pods/Target Support Files/Pods-Two Step Authenticator/Pods-Two Step Authenticator.debug.xcconfig"; sourceTree = "<group>"; };
		BDDCD0ABE64EAA27C75A4055 /* Pods-Two Step Authenticator.release.xcconfig */ = {isa = PBXFileReference; includeInIndex = 1; lastKnownFileType = text.xcconfig; name = "Pods-Two Step Authenticator.release.xcconfig"; path = "Pods/Target Support Files/Pods-Two Step Authenticator/Pods-Two Step Authenticator.release.xcconfig"; sourceTree = "<group>"; };
		EDECEF22C48CF9698292907E /* Pods_TSAKeyboard.framework */ = {isa = PBXFileReference; explicitFileType = wrapper.framework; includeInIndex = 0; path = Pods_TSAKeyboard.framework; sourceTree = BUILT_PRODUCTS_DIR; };
		F8562F13B06AB51B33A23295 /* Pods-TSAKeyboard.release.xcconfig */ = {isa = PBXFileReference; includeInIndex = 1; lastKnownFileType = text.xcconfig; name = "Pods-TSAKeyboard.release.xcconfig"; path = "Pods/Target Support Files/Pods-TSAKeyboard/Pods-TSAKeyboard.release.xcconfig"; sourceTree = "<group>"; };
/* End PBXFileReference section */

/* Begin PBXFrameworksBuildPhase section */
		00011256211AD17900CFD01F /* Frameworks */ = {
			isa = PBXFrameworksBuildPhase;
			buildActionMask = 2147483647;
			files = (
				3F6DF356A2AA1ADAD7E48905 /* Pods_Two_Step_Authenticator.framework in Frameworks */,
			);
			runOnlyForDeploymentPostprocessing = 0;
		};
		0001127A211AD25F00CFD01F /* Frameworks */ = {
			isa = PBXFrameworksBuildPhase;
			buildActionMask = 2147483647;
			files = (
				4FB179709B4A02D310DFD13F /* Pods_TSAKeyboard.framework in Frameworks */,
			);
			runOnlyForDeploymentPostprocessing = 0;
		};
/* End PBXFrameworksBuildPhase section */

/* Begin PBXGroup section */
		00011250211AD17900CFD01F = {
			isa = PBXGroup;
			children = (
				0001125B211AD17900CFD01F /* Two Step Authenticator */,
				0001127E211AD25F00CFD01F /* TSAKeyboard */,
				0001125A211AD17900CFD01F /* Products */,
				F2C78E3F4087665B22962F50 /* Pods */,
				B3E449468C25877553D50B1C /* Frameworks */,
			);
			sourceTree = "<group>";
		};
		0001125A211AD17900CFD01F /* Products */ = {
			isa = PBXGroup;
			children = (
				00011259211AD17900CFD01F /* Two Step Authenticator.app */,
				0001127D211AD25F00CFD01F /* TSAKeyboard.appex */,
			);
			name = Products;
			sourceTree = "<group>";
		};
		0001125B211AD17900CFD01F /* Two Step Authenticator */ = {
			isa = PBXGroup;
			children = (
				000112DF2120273E00CFD01F /* Two Step Authenticator.entitlements */,
				0001126E211AD20700CFD01F /* Classes */,
				00011263211AD17B00CFD01F /* Assets.xcassets */,
				00011265211AD17B00CFD01F /* LaunchScreen.storyboard */,
				00011268211AD17B00CFD01F /* Info.plist */,
			);
			path = "Two Step Authenticator";
			sourceTree = "<group>";
		};
		0001126E211AD20700CFD01F /* Classes */ = {
			isa = PBXGroup;
			children = (
				00011271211AD20700CFD01F /* AppDelegate.swift */,
				0001126F211AD20700CFD01F /* Strings.swift */,
				00011270211AD20700CFD01F /* Models */,
				00011272211AD20700CFD01F /* Controllers */,
				00011273211AD20700CFD01F /* Views */,
				00011274211AD20700CFD01F /* Services */,
				00011275211AD20700CFD01F /* Urls.swift */,
				000112B7211D721400CFD01F /* Colours.swift */,
				00E26CE52121BBBE007A2519 /* Fonts.swift */,
			);
			path = Classes;
			sourceTree = "<group>";
		};
		00011270211AD20700CFD01F /* Models */ = {
			isa = PBXGroup;
			children = (
				000112A8211C272A00CFD01F /* String+Formatting.swift */,
				000112AB211C2DE900CFD01F /* Key.swift */,
				000112AE211CB81500CFD01F /* SpecialKey.swift */,
				000112D6211EC25200CFD01F /* TokenDetails.swift */,
				000112DC2120200000CFD01F /* TokenStore.swift */,
				00E26CE82121BE19007A2519 /* UIImage.swift */,
				00E26CF52121E4D7007A2519 /* DisplayTime.swift */,
			);
			path = Models;
			sourceTree = "<group>";
		};
		00011272211AD20700CFD01F /* Controllers */ = {
			isa = PBXGroup;
			children = (
				00011299211B439700CFD01F /* TokenListViewController.swift */,
				000112BF211DBC2E00CFD01F /* HomeViewController.swift */,
				000112C1211DD01E00CFD01F /* TokensViewController.swift */,
				000112C7211DFFF700CFD01F /* AddTokenViewController.swift */,
			);
			path = Controllers;
			sourceTree = "<group>";
		};
		00011273211AD20700CFD01F /* Views */ = {
			isa = PBXGroup;
			children = (
				00E26CEF2121DE59007A2519 /* ProgressRingView.swift */,
				0001129C211B439E00CFD01F /* TokenListRootNode.swift */,
				000112C4211DD0D100CFD01F /* TokensRootNode.swift */,
				000112CA211E09BF00CFD01F /* TokenCellNode.swift */,
				000112D9211ECAD200CFD01F /* TokensCellNode.swift */,
				00E26CF22121DEC9007A2519 /* ASProgressRingContainer.swift */,
			);
			path = Views;
			sourceTree = "<group>";
		};
		00011274211AD20700CFD01F /* Services */ = {
			isa = PBXGroup;
			children = (
			);
			path = Services;
			sourceTree = "<group>";
		};
		0001127E211AD25F00CFD01F /* TSAKeyboard */ = {
			isa = PBXGroup;
			children = (
				000112E02120276600CFD01F /* TSAKeyboard.entitlements */,
				0001128F211B09C400CFD01F /* Classes */,
				00011281211AD25F00CFD01F /* Info.plist */,
			);
			path = TSAKeyboard;
			sourceTree = "<group>";
		};
		0001128F211B09C400CFD01F /* Classes */ = {
			isa = PBXGroup;
			children = (
				00011290211B09C400CFD01F /* Models */,
				00011291211B09C400CFD01F /* Controllers */,
				00011294211B09C400CFD01F /* Views */,
				000112BB211D7A8900CFD01F /* Settings.swift */,
			);
			path = Classes;
			sourceTree = "<group>";
		};
		00011290211B09C400CFD01F /* Models */ = {
			isa = PBXGroup;
			children = (
			);
			path = Models;
			sourceTree = "<group>";
		};
		00011291211B09C400CFD01F /* Controllers */ = {
			isa = PBXGroup;
			children = (
				00011293211B09C400CFD01F /* KeyboardViewController.swift */,
				000112A2211C21E200CFD01F /* KeyboardNodeViewController.swift */,
			);
			path = Controllers;
			sourceTree = "<group>";
		};
		00011294211B09C400CFD01F /* Views */ = {
			isa = PBXGroup;
			children = (
				000112A4211C24D500CFD01F /* KeyboardKeyView.swift */,
				000112A6211C252000CFD01F /* KeyboardNodeRowCell.swift */,
			);
			path = Views;
			sourceTree = "<group>";
		};
		B3E449468C25877553D50B1C /* Frameworks */ = {
			isa = PBXGroup;
			children = (
				EDECEF22C48CF9698292907E /* Pods_TSAKeyboard.framework */,
				0D5BAF25DEF3A2185EBFBD64 /* Pods_Two_Step_Authenticator.framework */,
			);
			name = Frameworks;
			sourceTree = "<group>";
		};
		F2C78E3F4087665B22962F50 /* Pods */ = {
			isa = PBXGroup;
			children = (
				1140E4D773B8C58B133678A4 /* Pods-TSAKeyboard.debug.xcconfig */,
				F8562F13B06AB51B33A23295 /* Pods-TSAKeyboard.release.xcconfig */,
				3CF997A41D062E29D145778E /* Pods-Two Step Authenticator.debug.xcconfig */,
				BDDCD0ABE64EAA27C75A4055 /* Pods-Two Step Authenticator.release.xcconfig */,
			);
			name = Pods;
			sourceTree = "<group>";
		};
/* End PBXGroup section */

/* Begin PBXNativeTarget section */
		00011258211AD17900CFD01F /* Two Step Authenticator */ = {
			isa = PBXNativeTarget;
			buildConfigurationList = 0001126B211AD17B00CFD01F /* Build configuration list for PBXNativeTarget "Two Step Authenticator" */;
			buildPhases = (
				61A05DA64E5E1F50CF27F5B5 /* [CP] Check Pods Manifest.lock */,
				000112BD211DB81700CFD01F /* Run SwiftLint */,
				00011255211AD17900CFD01F /* Sources */,
				00011256211AD17900CFD01F /* Frameworks */,
				00011257211AD17900CFD01F /* Resources */,
				00011288211AD25F00CFD01F /* Embed App Extensions */,
				A9CECA597D55107AEFCA34BA /* [CP] Embed Pods Frameworks */,
			);
			buildRules = (
			);
			dependencies = (
				00011283211AD25F00CFD01F /* PBXTargetDependency */,
			);
			name = "Two Step Authenticator";
			productName = "Two Step Authenticator";
			productReference = 00011259211AD17900CFD01F /* Two Step Authenticator.app */;
			productType = "com.apple.product-type.application";
		};
		0001127C211AD25F00CFD01F /* TSAKeyboard */ = {
			isa = PBXNativeTarget;
			buildConfigurationList = 00011285211AD25F00CFD01F /* Build configuration list for PBXNativeTarget "TSAKeyboard" */;
			buildPhases = (
				AEE521A8BD21E96AC6C6073F /* [CP] Check Pods Manifest.lock */,
				000112BE211DB82E00CFD01F /* Run SwiftLint */,
				00011279211AD25F00CFD01F /* Sources */,
				0001127A211AD25F00CFD01F /* Frameworks */,
				0001127B211AD25F00CFD01F /* Resources */,
			);
			buildRules = (
			);
			dependencies = (
			);
			name = TSAKeyboard;
			productName = TSAKeyboard;
			productReference = 0001127D211AD25F00CFD01F /* TSAKeyboard.appex */;
			productType = "com.apple.product-type.app-extension";
		};
/* End PBXNativeTarget section */

/* Begin PBXProject section */
		00011251211AD17900CFD01F /* Project object */ = {
			isa = PBXProject;
			attributes = {
				LastSwiftUpdateCheck = 0940;
				LastUpgradeCheck = 0940;
				ORGANIZATIONNAME = "Andrew Reed";
				TargetAttributes = {
					00011258211AD17900CFD01F = {
						CreatedOnToolsVersion = 9.4.1;
						SystemCapabilities = {
							com.apple.ApplicationGroups.iOS = {
								enabled = 1;
							};
							com.apple.Keychain = {
								enabled = 1;
							};
						};
					};
					0001127C211AD25F00CFD01F = {
						CreatedOnToolsVersion = 9.4.1;
						SystemCapabilities = {
							com.apple.ApplicationGroups.iOS = {
								enabled = 1;
							};
							com.apple.Keychain = {
								enabled = 1;
							};
						};
					};
				};
			};
			buildConfigurationList = 00011254211AD17900CFD01F /* Build configuration list for PBXProject "Two Step Authenticator" */;
			compatibilityVersion = "Xcode 9.3";
			developmentRegion = en;
			hasScannedForEncodings = 0;
			knownRegions = (
				en,
				Base,
			);
			mainGroup = 00011250211AD17900CFD01F;
			productRefGroup = 0001125A211AD17900CFD01F /* Products */;
			projectDirPath = "";
			projectRoot = "";
			targets = (
				00011258211AD17900CFD01F /* Two Step Authenticator */,
				0001127C211AD25F00CFD01F /* TSAKeyboard */,
			);
		};
/* End PBXProject section */

/* Begin PBXResourcesBuildPhase section */
		00011257211AD17900CFD01F /* Resources */ = {
			isa = PBXResourcesBuildPhase;
			buildActionMask = 2147483647;
			files = (
				00011267211AD17B00CFD01F /* LaunchScreen.storyboard in Resources */,
				00011264211AD17B00CFD01F /* Assets.xcassets in Resources */,
			);
			runOnlyForDeploymentPostprocessing = 0;
		};
		0001127B211AD25F00CFD01F /* Resources */ = {
			isa = PBXResourcesBuildPhase;
			buildActionMask = 2147483647;
			files = (
				0001129F211B460000CFD01F /* Assets.xcassets in Resources */,
			);
			runOnlyForDeploymentPostprocessing = 0;
		};
/* End PBXResourcesBuildPhase section */

/* Begin PBXShellScriptBuildPhase section */
		000112BD211DB81700CFD01F /* Run SwiftLint */ = {
			isa = PBXShellScriptBuildPhase;
			buildActionMask = 2147483647;
			files = (
			);
			inputPaths = (
			);
			name = "Run SwiftLint";
			outputPaths = (
			);
			runOnlyForDeploymentPostprocessing = 0;
			shellPath = /bin/sh;
			shellScript = "if which swiftlint >/dev/null; then\nswiftlint\nelse\necho \"warning: SwiftLint not installed, download from https://github.com/realm/SwiftLint\"\nfi";
		};
		000112BE211DB82E00CFD01F /* Run SwiftLint */ = {
			isa = PBXShellScriptBuildPhase;
			buildActionMask = 2147483647;
			files = (
			);
			inputPaths = (
			);
			name = "Run SwiftLint";
			outputPaths = (
			);
			runOnlyForDeploymentPostprocessing = 0;
			shellPath = /bin/sh;
			shellScript = "if which swiftlint >/dev/null; then\nswiftlint\nelse\necho \"warning: SwiftLint not installed, download from https://github.com/realm/SwiftLint\"\nfi";
		};
		61A05DA64E5E1F50CF27F5B5 /* [CP] Check Pods Manifest.lock */ = {
			isa = PBXShellScriptBuildPhase;
			buildActionMask = 2147483647;
			files = (
			);
			inputPaths = (
				"${PODS_PODFILE_DIR_PATH}/Podfile.lock",
				"${PODS_ROOT}/Manifest.lock",
			);
			name = "[CP] Check Pods Manifest.lock";
			outputPaths = (
				"$(DERIVED_FILE_DIR)/Pods-Two Step Authenticator-checkManifestLockResult.txt",
			);
			runOnlyForDeploymentPostprocessing = 0;
			shellPath = /bin/sh;
			shellScript = "diff \"${PODS_PODFILE_DIR_PATH}/Podfile.lock\" \"${PODS_ROOT}/Manifest.lock\" > /dev/null\nif [ $? != 0 ] ; then\n    # print error to STDERR\n    echo \"error: The sandbox is not in sync with the Podfile.lock. Run 'pod install' or update your CocoaPods installation.\" >&2\n    exit 1\nfi\n# This output is used by Xcode 'outputs' to avoid re-running this script phase.\necho \"SUCCESS\" > \"${SCRIPT_OUTPUT_FILE_0}\"\n";
			showEnvVarsInLog = 0;
		};
		A9CECA597D55107AEFCA34BA /* [CP] Embed Pods Frameworks */ = {
			isa = PBXShellScriptBuildPhase;
			buildActionMask = 2147483647;
			files = (
			);
			inputPaths = (
				"${SRCROOT}/Pods/Target Support Files/Pods-Two Step Authenticator/Pods-Two Step Authenticator-frameworks.sh",
				"${BUILT_PRODUCTS_DIR}/Base32/Base32.framework",
				"${BUILT_PRODUCTS_DIR}/OneTimePassword/OneTimePassword.framework",
				"${BUILT_PRODUCTS_DIR}/PINCache/PINCache.framework",
				"${BUILT_PRODUCTS_DIR}/PINOperation/PINOperation.framework",
				"${BUILT_PRODUCTS_DIR}/PINRemoteImage/PINRemoteImage.framework",
				"${BUILT_PRODUCTS_DIR}/Texture/AsyncDisplayKit.framework",
			);
			name = "[CP] Embed Pods Frameworks";
			outputPaths = (
				"${TARGET_BUILD_DIR}/${FRAMEWORKS_FOLDER_PATH}/Base32.framework",
				"${TARGET_BUILD_DIR}/${FRAMEWORKS_FOLDER_PATH}/OneTimePassword.framework",
				"${TARGET_BUILD_DIR}/${FRAMEWORKS_FOLDER_PATH}/PINCache.framework",
				"${TARGET_BUILD_DIR}/${FRAMEWORKS_FOLDER_PATH}/PINOperation.framework",
				"${TARGET_BUILD_DIR}/${FRAMEWORKS_FOLDER_PATH}/PINRemoteImage.framework",
				"${TARGET_BUILD_DIR}/${FRAMEWORKS_FOLDER_PATH}/AsyncDisplayKit.framework",
			);
			runOnlyForDeploymentPostprocessing = 0;
			shellPath = /bin/sh;
			shellScript = "\"${SRCROOT}/Pods/Target Support Files/Pods-Two Step Authenticator/Pods-Two Step Authenticator-frameworks.sh\"\n";
			showEnvVarsInLog = 0;
		};
		AEE521A8BD21E96AC6C6073F /* [CP] Check Pods Manifest.lock */ = {
			isa = PBXShellScriptBuildPhase;
			buildActionMask = 2147483647;
			files = (
			);
			inputPaths = (
				"${PODS_PODFILE_DIR_PATH}/Podfile.lock",
				"${PODS_ROOT}/Manifest.lock",
			);
			name = "[CP] Check Pods Manifest.lock";
			outputPaths = (
				"$(DERIVED_FILE_DIR)/Pods-TSAKeyboard-checkManifestLockResult.txt",
			);
			runOnlyForDeploymentPostprocessing = 0;
			shellPath = /bin/sh;
			shellScript = "diff \"${PODS_PODFILE_DIR_PATH}/Podfile.lock\" \"${PODS_ROOT}/Manifest.lock\" > /dev/null\nif [ $? != 0 ] ; then\n    # print error to STDERR\n    echo \"error: The sandbox is not in sync with the Podfile.lock. Run 'pod install' or update your CocoaPods installation.\" >&2\n    exit 1\nfi\n# This output is used by Xcode 'outputs' to avoid re-running this script phase.\necho \"SUCCESS\" > \"${SCRIPT_OUTPUT_FILE_0}\"\n";
			showEnvVarsInLog = 0;
		};
/* End PBXShellScriptBuildPhase section */

/* Begin PBXSourcesBuildPhase section */
		00011255211AD17900CFD01F /* Sources */ = {
			isa = PBXSourcesBuildPhase;
			buildActionMask = 2147483647;
			files = (
				000112AC211C2DE900CFD01F /* Key.swift in Sources */,
				00E26CE92121BE19007A2519 /* UIImage.swift in Sources */,
				00E26CF32121DEC9007A2519 /* ASProgressRingContainer.swift in Sources */,
				0001129A211B439700CFD01F /* TokenListViewController.swift in Sources */,
				000112C8211DFFF700CFD01F /* AddTokenViewController.swift in Sources */,
				00E26CEB2121CF6A007A2519 /* KeyboardViewController.swift in Sources */,
				00E26CF02121DE5A007A2519 /* ProgressRingView.swift in Sources */,
				00E26CEE2121D051007A2519 /* KeyboardKeyView.swift in Sources */,
				000112CB211E09BF00CFD01F /* TokenCellNode.swift in Sources */,
				00E26CF62121E4D7007A2519 /* DisplayTime.swift in Sources */,
				000112D7211EC25200CFD01F /* TokenDetails.swift in Sources */,
				000112A9211C272A00CFD01F /* String+Formatting.swift in Sources */,
				00011277211AD20700CFD01F /* AppDelegate.swift in Sources */,
				000112DA211ECAD200CFD01F /* TokensCellNode.swift in Sources */,
				0001129D211B439E00CFD01F /* TokenListRootNode.swift in Sources */,
				000112C5211DD0D100CFD01F /* TokensRootNode.swift in Sources */,
				000112C0211DBC2E00CFD01F /* HomeViewController.swift in Sources */,
				000112DD2120200000CFD01F /* TokenStore.swift in Sources */,
				000112D5211EC14B00CFD01F /* Settings.swift in Sources */,
				000112AF211CB81500CFD01F /* SpecialKey.swift in Sources */,
				00011276211AD20700CFD01F /* Strings.swift in Sources */,
				000112B8211D721400CFD01F /* Colours.swift in Sources */,
				000112C2211DD01E00CFD01F /* TokensViewController.swift in Sources */,
				00E26CE62121BBBE007A2519 /* Fonts.swift in Sources */,
				00E26CEC2121D01E007A2519 /* KeyboardNodeViewController.swift in Sources */,
				00011278211AD20700CFD01F /* Urls.swift in Sources */,
				00E26CED2121D03A007A2519 /* KeyboardNodeRowCell.swift in Sources */,
			);
			runOnlyForDeploymentPostprocessing = 0;
		};
		00011279211AD25F00CFD01F /* Sources */ = {
			isa = PBXSourcesBuildPhase;
			buildActionMask = 2147483647;
			files = (
				000112AA211C272A00CFD01F /* String+Formatting.swift in Sources */,
				000112D8211EC25200CFD01F /* TokenDetails.swift in Sources */,
				000112BA211D79EC00CFD01F /* Strings.swift in Sources */,
				000112C3211DD01E00CFD01F /* TokensViewController.swift in Sources */,
				000112B9211D721400CFD01F /* Colours.swift in Sources */,
				000112B0211CB81500CFD01F /* SpecialKey.swift in Sources */,
				00E26CEA2121BE19007A2519 /* UIImage.swift in Sources */,
				000112CC211E09BF00CFD01F /* TokenCellNode.swift in Sources */,
				000112C6211DD0D100CFD01F /* TokensRootNode.swift in Sources */,
				00E26CF72121E4D7007A2519 /* DisplayTime.swift in Sources */,
				0001129B211B439700CFD01F /* TokenListViewController.swift in Sources */,
				000112DB211ECAD200CFD01F /* TokensCellNode.swift in Sources */,
				000112A3211C21E200CFD01F /* KeyboardNodeViewController.swift in Sources */,
				000112BC211D7A8900CFD01F /* Settings.swift in Sources */,
				000112C9211E017200CFD01F /* AddTokenViewController.swift in Sources */,
				0001129E211B439E00CFD01F /* TokenListRootNode.swift in Sources */,
				00E26CF42121DEC9007A2519 /* ASProgressRingContainer.swift in Sources */,
				000112A5211C24D500CFD01F /* KeyboardKeyView.swift in Sources */,
				000112AD211C2DE900CFD01F /* Key.swift in Sources */,
				00E26CE72121BBBF007A2519 /* Fonts.swift in Sources */,
				00011296211B09C400CFD01F /* KeyboardViewController.swift in Sources */,
				000112DE2120200000CFD01F /* TokenStore.swift in Sources */,
				000112A7211C252000CFD01F /* KeyboardNodeRowCell.swift in Sources */,
				00E26CF12121DE5A007A2519 /* ProgressRingView.swift in Sources */,
			);
			runOnlyForDeploymentPostprocessing = 0;
		};
/* End PBXSourcesBuildPhase section */

/* Begin PBXTargetDependency section */
		00011283211AD25F00CFD01F /* PBXTargetDependency */ = {
			isa = PBXTargetDependency;
			target = 0001127C211AD25F00CFD01F /* TSAKeyboard */;
			targetProxy = 00011282211AD25F00CFD01F /* PBXContainerItemProxy */;
		};
/* End PBXTargetDependency section */

/* Begin PBXVariantGroup section */
		00011265211AD17B00CFD01F /* LaunchScreen.storyboard */ = {
			isa = PBXVariantGroup;
			children = (
				00011266211AD17B00CFD01F /* Base */,
			);
			name = LaunchScreen.storyboard;
			sourceTree = "<group>";
		};
/* End PBXVariantGroup section */

/* Begin XCBuildConfiguration section */
		00011269211AD17B00CFD01F /* Debug */ = {
			isa = XCBuildConfiguration;
			buildSettings = {
				ALWAYS_SEARCH_USER_PATHS = NO;
				CLANG_ANALYZER_NONNULL = YES;
				CLANG_ANALYZER_NUMBER_OBJECT_CONVERSION = YES_AGGRESSIVE;
				CLANG_CXX_LANGUAGE_STANDARD = "gnu++14";
				CLANG_CXX_LIBRARY = "libc++";
				CLANG_ENABLE_MODULES = YES;
				CLANG_ENABLE_OBJC_ARC = YES;
				CLANG_ENABLE_OBJC_WEAK = YES;
				CLANG_WARN_BLOCK_CAPTURE_AUTORELEASING = YES;
				CLANG_WARN_BOOL_CONVERSION = YES;
				CLANG_WARN_COMMA = YES;
				CLANG_WARN_CONSTANT_CONVERSION = YES;
				CLANG_WARN_DEPRECATED_OBJC_IMPLEMENTATIONS = YES;
				CLANG_WARN_DIRECT_OBJC_ISA_USAGE = YES_ERROR;
				CLANG_WARN_DOCUMENTATION_COMMENTS = YES;
				CLANG_WARN_EMPTY_BODY = YES;
				CLANG_WARN_ENUM_CONVERSION = YES;
				CLANG_WARN_INFINITE_RECURSION = YES;
				CLANG_WARN_INT_CONVERSION = YES;
				CLANG_WARN_NON_LITERAL_NULL_CONVERSION = YES;
				CLANG_WARN_OBJC_IMPLICIT_RETAIN_SELF = YES;
				CLANG_WARN_OBJC_LITERAL_CONVERSION = YES;
				CLANG_WARN_OBJC_ROOT_CLASS = YES_ERROR;
				CLANG_WARN_RANGE_LOOP_ANALYSIS = YES;
				CLANG_WARN_STRICT_PROTOTYPES = YES;
				CLANG_WARN_SUSPICIOUS_MOVE = YES;
				CLANG_WARN_UNGUARDED_AVAILABILITY = YES_AGGRESSIVE;
				CLANG_WARN_UNREACHABLE_CODE = YES;
				CLANG_WARN__DUPLICATE_METHOD_MATCH = YES;
				CODE_SIGN_IDENTITY = "iPhone Developer";
				COPY_PHASE_STRIP = NO;
				DEBUG_INFORMATION_FORMAT = dwarf;
				ENABLE_STRICT_OBJC_MSGSEND = YES;
				ENABLE_TESTABILITY = YES;
				GCC_C_LANGUAGE_STANDARD = gnu11;
				GCC_DYNAMIC_NO_PIC = NO;
				GCC_NO_COMMON_BLOCKS = YES;
				GCC_OPTIMIZATION_LEVEL = 0;
				GCC_PREPROCESSOR_DEFINITIONS = (
					"DEBUG=1",
					"$(inherited)",
				);
				GCC_WARN_64_TO_32_BIT_CONVERSION = YES;
				GCC_WARN_ABOUT_RETURN_TYPE = YES_ERROR;
				GCC_WARN_UNDECLARED_SELECTOR = YES;
				GCC_WARN_UNINITIALIZED_AUTOS = YES_AGGRESSIVE;
				GCC_WARN_UNUSED_FUNCTION = YES;
				GCC_WARN_UNUSED_VARIABLE = YES;
				IPHONEOS_DEPLOYMENT_TARGET = 11.4;
				MTL_ENABLE_DEBUG_INFO = YES;
				ONLY_ACTIVE_ARCH = YES;
				SDKROOT = iphoneos;
				SWIFT_ACTIVE_COMPILATION_CONDITIONS = DEBUG;
				SWIFT_OPTIMIZATION_LEVEL = "-Onone";
			};
			name = Debug;
		};
		0001126A211AD17B00CFD01F /* Release */ = {
			isa = XCBuildConfiguration;
			buildSettings = {
				ALWAYS_SEARCH_USER_PATHS = NO;
				CLANG_ANALYZER_NONNULL = YES;
				CLANG_ANALYZER_NUMBER_OBJECT_CONVERSION = YES_AGGRESSIVE;
				CLANG_CXX_LANGUAGE_STANDARD = "gnu++14";
				CLANG_CXX_LIBRARY = "libc++";
				CLANG_ENABLE_MODULES = YES;
				CLANG_ENABLE_OBJC_ARC = YES;
				CLANG_ENABLE_OBJC_WEAK = YES;
				CLANG_WARN_BLOCK_CAPTURE_AUTORELEASING = YES;
				CLANG_WARN_BOOL_CONVERSION = YES;
				CLANG_WARN_COMMA = YES;
				CLANG_WARN_CONSTANT_CONVERSION = YES;
				CLANG_WARN_DEPRECATED_OBJC_IMPLEMENTATIONS = YES;
				CLANG_WARN_DIRECT_OBJC_ISA_USAGE = YES_ERROR;
				CLANG_WARN_DOCUMENTATION_COMMENTS = YES;
				CLANG_WARN_EMPTY_BODY = YES;
				CLANG_WARN_ENUM_CONVERSION = YES;
				CLANG_WARN_INFINITE_RECURSION = YES;
				CLANG_WARN_INT_CONVERSION = YES;
				CLANG_WARN_NON_LITERAL_NULL_CONVERSION = YES;
				CLANG_WARN_OBJC_IMPLICIT_RETAIN_SELF = YES;
				CLANG_WARN_OBJC_LITERAL_CONVERSION = YES;
				CLANG_WARN_OBJC_ROOT_CLASS = YES_ERROR;
				CLANG_WARN_RANGE_LOOP_ANALYSIS = YES;
				CLANG_WARN_STRICT_PROTOTYPES = YES;
				CLANG_WARN_SUSPICIOUS_MOVE = YES;
				CLANG_WARN_UNGUARDED_AVAILABILITY = YES_AGGRESSIVE;
				CLANG_WARN_UNREACHABLE_CODE = YES;
				CLANG_WARN__DUPLICATE_METHOD_MATCH = YES;
				CODE_SIGN_IDENTITY = "iPhone Developer";
				COPY_PHASE_STRIP = NO;
				DEBUG_INFORMATION_FORMAT = "dwarf-with-dsym";
				ENABLE_NS_ASSERTIONS = NO;
				ENABLE_STRICT_OBJC_MSGSEND = YES;
				GCC_C_LANGUAGE_STANDARD = gnu11;
				GCC_NO_COMMON_BLOCKS = YES;
				GCC_WARN_64_TO_32_BIT_CONVERSION = YES;
				GCC_WARN_ABOUT_RETURN_TYPE = YES_ERROR;
				GCC_WARN_UNDECLARED_SELECTOR = YES;
				GCC_WARN_UNINITIALIZED_AUTOS = YES_AGGRESSIVE;
				GCC_WARN_UNUSED_FUNCTION = YES;
				GCC_WARN_UNUSED_VARIABLE = YES;
				IPHONEOS_DEPLOYMENT_TARGET = 11.4;
				MTL_ENABLE_DEBUG_INFO = NO;
				SDKROOT = iphoneos;
				SWIFT_COMPILATION_MODE = wholemodule;
				SWIFT_OPTIMIZATION_LEVEL = "-O";
				VALIDATE_PRODUCT = YES;
			};
			name = Release;
		};
		0001126C211AD17B00CFD01F /* Debug */ = {
			isa = XCBuildConfiguration;
			baseConfigurationReference = 3CF997A41D062E29D145778E /* Pods-Two Step Authenticator.debug.xcconfig */;
			buildSettings = {
				ALWAYS_EMBED_SWIFT_STANDARD_LIBRARIES = YES;
				ASSETCATALOG_COMPILER_APPICON_NAME = AppIcon;
				CODE_SIGN_ENTITLEMENTS = "Two Step Authenticator/Two Step Authenticator.entitlements";
				CODE_SIGN_STYLE = Automatic;
				DEVELOPMENT_TEAM = 269C5Q4423;
				INFOPLIST_FILE = "Two Step Authenticator/Info.plist";
				LD_RUNPATH_SEARCH_PATHS = (
					"$(inherited)",
					"@executable_path/Frameworks",
				);
				PRODUCT_BUNDLE_IDENTIFIER = "uk.co.andrewreed.Two-Step-Authenticator";
				PRODUCT_NAME = "$(TARGET_NAME)";
				SWIFT_VERSION = 4.0;
				TARGETED_DEVICE_FAMILY = "1,2";
			};
			name = Debug;
		};
		0001126D211AD17B00CFD01F /* Release */ = {
			isa = XCBuildConfiguration;
			baseConfigurationReference = BDDCD0ABE64EAA27C75A4055 /* Pods-Two Step Authenticator.release.xcconfig */;
			buildSettings = {
				ALWAYS_EMBED_SWIFT_STANDARD_LIBRARIES = YES;
				ASSETCATALOG_COMPILER_APPICON_NAME = AppIcon;
				CODE_SIGN_ENTITLEMENTS = "Two Step Authenticator/Two Step Authenticator.entitlements";
				CODE_SIGN_STYLE = Automatic;
				DEVELOPMENT_TEAM = 269C5Q4423;
				INFOPLIST_FILE = "Two Step Authenticator/Info.plist";
				LD_RUNPATH_SEARCH_PATHS = (
					"$(inherited)",
					"@executable_path/Frameworks",
				);
				PRODUCT_BUNDLE_IDENTIFIER = "uk.co.andrewreed.Two-Step-Authenticator";
				PRODUCT_NAME = "$(TARGET_NAME)";
				SWIFT_VERSION = 4.0;
				TARGETED_DEVICE_FAMILY = "1,2";
			};
			name = Release;
		};
		00011286211AD25F00CFD01F /* Debug */ = {
			isa = XCBuildConfiguration;
			baseConfigurationReference = 1140E4D773B8C58B133678A4 /* Pods-TSAKeyboard.debug.xcconfig */;
			buildSettings = {
				CODE_SIGN_ENTITLEMENTS = TSAKeyboard/TSAKeyboard.entitlements;
				CODE_SIGN_STYLE = Automatic;
				DEVELOPMENT_TEAM = 269C5Q4423;
				INFOPLIST_FILE = TSAKeyboard/Info.plist;
				LD_RUNPATH_SEARCH_PATHS = (
					"$(inherited)",
					"@executable_path/Frameworks",
					"@executable_path/../../Frameworks",
				);
				PRODUCT_BUNDLE_IDENTIFIER = "uk.co.andrewreed.Two-Step-Authenticator.TSAKeyboard";
				PRODUCT_NAME = "$(TARGET_NAME)";
				SKIP_INSTALL = YES;
				SWIFT_VERSION = 4.0;
				TARGETED_DEVICE_FAMILY = "1,2";
			};
			name = Debug;
		};
		00011287211AD25F00CFD01F /* Release */ = {
			isa = XCBuildConfiguration;
			baseConfigurationReference = F8562F13B06AB51B33A23295 /* Pods-TSAKeyboard.release.xcconfig */;
			buildSettings = {
				CODE_SIGN_ENTITLEMENTS = TSAKeyboard/TSAKeyboard.entitlements;
				CODE_SIGN_STYLE = Automatic;
				DEVELOPMENT_TEAM = 269C5Q4423;
				INFOPLIST_FILE = TSAKeyboard/Info.plist;
				LD_RUNPATH_SEARCH_PATHS = (
					"$(inherited)",
					"@executable_path/Frameworks",
					"@executable_path/../../Frameworks",
				);
				PRODUCT_BUNDLE_IDENTIFIER = "uk.co.andrewreed.Two-Step-Authenticator.TSAKeyboard";
				PRODUCT_NAME = "$(TARGET_NAME)";
				SKIP_INSTALL = YES;
				SWIFT_VERSION = 4.0;
				TARGETED_DEVICE_FAMILY = "1,2";
			};
			name = Release;
		};
/* End XCBuildConfiguration section */

/* Begin XCConfigurationList section */
		00011254211AD17900CFD01F /* Build configuration list for PBXProject "Two Step Authenticator" */ = {
			isa = XCConfigurationList;
			buildConfigurations = (
				00011269211AD17B00CFD01F /* Debug */,
				0001126A211AD17B00CFD01F /* Release */,
			);
			defaultConfigurationIsVisible = 0;
			defaultConfigurationName = Release;
		};
		0001126B211AD17B00CFD01F /* Build configuration list for PBXNativeTarget "Two Step Authenticator" */ = {
			isa = XCConfigurationList;
			buildConfigurations = (
				0001126C211AD17B00CFD01F /* Debug */,
				0001126D211AD17B00CFD01F /* Release */,
			);
			defaultConfigurationIsVisible = 0;
			defaultConfigurationName = Release;
		};
		00011285211AD25F00CFD01F /* Build configuration list for PBXNativeTarget "TSAKeyboard" */ = {
			isa = XCConfigurationList;
			buildConfigurations = (
				00011286211AD25F00CFD01F /* Debug */,
				00011287211AD25F00CFD01F /* Release */,
			);
			defaultConfigurationIsVisible = 0;
			defaultConfigurationName = Release;
		};
/* End XCConfigurationList section */
	};
	rootObject = 00011251211AD17900CFD01F /* Project object */;
}
